{
  "requires": true,
  "lockfileVersion": 1,
  "dependencies": {
    "graphology-communities-louvain": {
      "version": "1.3.0",
      "resolved": "https://registry.npmjs.org/graphology-communities-louvain/-/graphology-communities-louvain-1.3.0.tgz",
      "integrity": "sha512-0sJDAPKElDFZ1jJb/ktjhBuxgL4sKeurn/miD3NZAXq9B+88+jGzZr39xXAT4eP2+oFDBkuUqG7CaFYeo4q5Vw==",
      "requires": {
        "graphology-indices": "^0.9.0",
        "graphology-utils": "^1.8.0",
        "lodash": "^4.17.20",
        "mnemonist": "^0.38.0",
        "pandemonium": "^1.5.0"
      }
    },
    "graphology-indices": {
      "version": "0.9.0",
      "resolved": "https://registry.npmjs.org/graphology-indices/-/graphology-indices-0.9.0.tgz",
      "integrity": "sha512-44cVMiG3n4XajltN0VDtJfCEfp7F7VdsieX5fDWcK5kWHepCAmz4W/Wen5WJAnkrBagTZg+Uz30iQGTDterIow==",
      "requires": {
        "graphology-utils": "^1.7.0",
        "mnemonist": "^0.38.0"
      }
    },
    "graphology-utils": {
      "version": "1.8.0",
      "resolved": "https://registry.npmjs.org/graphology-utils/-/graphology-utils-1.8.0.tgz",
      "integrity": "sha512-Pa7SW30OMm8fVtyH49b3GJ/uxlMHGfXly50wIhlcc7ZoX9ahZa7sPBz+obo4WZClrRV6wh3tIu0GJoI42eao1A=="
    },
    "lodash": {
      "version": "4.17.20",
      "resolved": "https://registry.npmjs.org/lodash/-/lodash-4.17.20.tgz",
      "integrity": "sha512-PlhdFcillOINfeV7Ni6oF1TAEayyZBoZ8bcshTHqOYJYlrqzRK5hagpagky5o4HfCzzd1TRkXPMFq6cKk9rGmA=="
    },
    "mnemonist": {
      "version": "0.38.0",
      "resolved": "https://registry.npmjs.org/mnemonist/-/mnemonist-0.38.0.tgz",
      "integrity": "sha512-OrqILDYOEGVFooAbGid3/P9jdjWuZONlGHVyjfZnvg65+ZQ/QM5dOms+yADY/WURd1NFhCqjf/VJGFlnJToLJQ==",
      "requires": {
        "obliterator": "^1.6.1"
      }
    },
    "obliterator": {
      "version": "1.6.1",
      "resolved": "https://registry.npmjs.org/obliterator/-/obliterator-1.6.1.tgz",
      "integrity": "sha512-9WXswnqINnnhOG/5SLimUlzuU1hFJUc8zkwyD59Sd+dPOMf05PmnYG/d6Q7HZ+KmgkZJa1PxRso6QdM3sTNHig=="
    },
    "pandemonium": {
      "version": "1.5.0",
      "resolved": "https://registry.npmjs.org/pandemonium/-/pandemonium-1.5.0.tgz",
      "integrity": "sha512-9PU9fy93rJhZHLMjX+4M1RwZPEYl6g7DdWKGmGNhkgBZR5+tOBVExNZc00kzdEGMxbaAvWdQy9MqGAScGwYlcA=="
    }
  }
}
